Microsoft Visual Studio Solution File, Format Version 12.00
# Visual Studio 2013
VisualStudioVersion = 12.0.31101.0
MinimumVisualStudioVersion = 10.0.40219.1
Project("{FAE04EC0-301F-11D3-BF4B-00C04F79EFBC}") = "Accept", "Accept\Accept.csproj", "{078A4677-B8F0-477A-A6CC-F282A66814C5}"
EndProject
Project("{FAE04EC0-301F-11D3-BF4B-00C04F79EFBC}") = "Acceptor", "Acceptor\Acceptor.csproj", "{83C93503-B390-4BD9-89B8-D1D49645A679}"
EndProject
Project("{FAE04EC0-301F-11D3-BF4B-00C04F79EFBC}") = "XSD.R2", "Eis\XSD.R2.csproj", "{153D9EE6-73B2-4A10-A518-BDD3E055FD08}"
EndProject
Global
	GlobalSection(SolutionConfigurationPlatforms) = preSolution
		Debug|Any CPU = Debug|Any CPU
		Release|Any CPU = Release|Any CPU
	EndGlobalSection
	GlobalSection(ProjectConfigurationPlatforms) = postSolution
		{078A4677-B8F0-477A-A6CC-F282A66814C5}.Debug|Any CPU.ActiveCfg = Debug|Any CPU
		{078A4677-B8F0-477A-A6CC-F282A66814C5}.Debug|Any CPU.Build.0 = Debug|Any CPU
		{078A4677-B8F0-477A-A6CC-F282A66814C5}.Release|Any CPU.ActiveCfg = Release|Any CPU
		{83C93503-B390-4BD9-89B8-D1D49645A679}.Debug|Any CPU.ActiveCfg = Debug|Any CPU
		{83C93503-B390-4BD9-89B8-D1D49645A679}.Debug|Any CPU.Build.0 = Debug|Any CPU
		{83C93503-B390-4BD9-89B8-D1D49645A679}.Release|Any CPU.ActiveCfg = Release|Any CPU
		{153D9EE6-73B2-4A10-A518-BDD3E055FD08}.Debug|Any CPU.ActiveCfg = Debug|Any CPU
		{153D9EE6-73B2-4A10-A518-BDD3E055FD08}.Release|Any CPU.ActiveCfg = Release|Any CPU
		{153D9EE6-73B2-4A10-A518-BDD3E055FD08}.Release|Any CPU.Build.0 = Release|Any CPU
	EndGlobalSection
	GlobalSection(SolutionProperties) = preSolution
		HideSolutionNode = FALSE
	EndGlobalSection
EndGlobal
